# This file is autogenerated, do not edit; changes may be undone by the next 'dep ensure'.


[[projects]]
  digest = "1:64ab86d612905419c1e13145fe5153688875585fc084641852aeb022fefa3491"
  name = "github.com/astaxie/beego"
  packages = ["cache"]
  pruneopts = "UT"
  revision = "1b6edafc96ad27b6515fafeccd7339dda3e997b1"
  version = "v1.11.1"

[[projects]]
  branch = "master"
  digest = "1:24d226d3992057e673fd9e437e214ae610c6231953fa17fe56354ae75b57fafd"
  name = "github.com/e154/serial"
  packages = ["."]
  pruneopts = "UT"
  revision = "2a77d83c837dd57108d16384693194dacf709232"

[[projects]]
  branch = "v2"
  digest = "1:6bbb1a24cba5f207f5fb907d0529844c861614431ed984515420f7006c72c07d"
  name = "github.com/e154/smart-home"
  packages = ["system/validation"]
  pruneopts = "UT"
  revision = "a1c93ce276104984eafc23fb1822118f0c9dc46b"

[[projects]]
  digest = "1:bb89a2542933056fcebc2950bb15ec636e623cc43c96597288aa2009f15b0ce1"
  name = "github.com/eclipse/paho.mqtt.golang"
  packages = [
    ".",
    "packets",
  ]
  pruneopts = "UT"
  revision = "adca289fdcf8c883800aafa545bc263452290bae"
  version = "v1.2.0"

[[projects]]
  digest = "1:0a69a1c0db3591fcefb47f115b224592c8dfa4368b7ba9fae509d5e16cdc95c8"
  name = "github.com/konsorten/go-windows-terminal-sequences"
  packages = ["."]
  pruneopts = "UT"
  revision = "5c8c8bd35d3832f5d134ae1e1e375b69a4d25242"
  version = "v1.0.1"

[[projects]]
  branch = "master"
  digest = "1:aa3d8d42865c42626b5c1add193692d045b3188b1479f0a0a88690d21fe20083"
  name = "github.com/mailru/easyjson"
  packages = [
    ".",
    "buffer",
    "jlexer",
    "jwriter",
  ]
  pruneopts = "UT"
  revision = "60711f1a8329503b04e1c88535f419d0bb440bff"

[[projects]]
  digest = "1:115948b36ea412cfbc289f7b911ea0b0f536917cbd499d9df6a3d3ab58e6edc0"
  name = "github.com/olivere/elastic"
  packages = [
    ".",
    "config",
    "uritemplates",
  ]
  pruneopts = "UT"
  revision = "0f13c62d4153081f2be7d0e136353b57dd3f1619"
  version = "v6.2.13"

[[projects]]
  digest = "1:5b3b29ce0e569f62935d9541dff2e16cc09df981ebde48e82259076a73a3d0c7"
  name = "github.com/op/go-logging"
  packages = ["."]
  pruneopts = "UT"
  revision = "b2cb9fa56473e98db8caba80237377e83fe44db5"
  version = "v1"

[[projects]]
  digest = "1:7233f2b1f864831a729ca0d48e84081ac8b4ce040a5aad3b394c421a7a0405cb"
  name = "github.com/paulbellamy/ratecounter"
  packages = ["."]
  pruneopts = "UT"
  revision = "524851a93235ac051e3540563ed7909357fe24ab"
  version = "v0.2.0"

[[projects]]
  digest = "1:40e195917a951a8bf867cd05de2a46aaf1806c50cf92eebf4c16f78cd196f747"
  name = "github.com/pkg/errors"
  packages = ["."]
  pruneopts = "UT"
  revision = "645ef00459ed84a119197bfb8d8205042c6df63d"
  version = "v0.8.0"

[[projects]]
  digest = "1:69b1cc331fca23d702bd72f860c6a647afd0aa9fcbc1d0659b1365e26546dd70"
  name = "github.com/sirupsen/logrus"
  packages = ["."]
  pruneopts = "UT"
  revision = "bcd833dfe83d3cebad139e4a29ed79cb2318bf95"
  version = "v1.2.0"

[[projects]]
  branch = "master"
  digest = "1:11395ff810f2ada545e57e8ba7ac23e5081662f4e105d8501506e55958bd5286"
  name = "github.com/surge/glog"
  packages = ["."]
  pruneopts = "UT"
  revision = "2578deb2b95c665e6b1ebabf304ce2085c9e1985"

[[projects]]
  branch = "master"
  digest = "1:84dfee0fc72c46f52cb4e4322f8cbb73345d601405f0683285b85038c8d110e8"
  name = "github.com/surgemq/message"
  packages = ["."]
  pruneopts = "UT"
  revision = "2b7ca1ac6121420133f8df6b94a976d5ca35339a"

[[projects]]
  branch = "master"
  digest = "1:b318ea1e887063cae478a14c2ebb224c4225b69971122bbd076601b848bb9f45"
  name = "github.com/surgemq/surgemq"
  packages = [
    "auth",
    "service",
    "sessions",
    "topics",
  ]
  pruneopts = "UT"
  revision = "782e2da078054c9a245f7f78c3f9a0994b5c21c2"

[[projects]]
  branch = "master"
  digest = "1:38f553aff0273ad6f367cb0a0f8b6eecbaef8dc6cb8b50e57b6a81c1d5b1e332"
  name = "golang.org/x/crypto"
  packages = ["ssh/terminal"]
  pruneopts = "UT"
  revision = "eb0de9b17e854e9b1ccd9963efafc79862359959"

[[projects]]
  branch = "master"
  digest = "1:50095e42352dba1c6ab2cec7e03b24fb4b513123f41d4ab4dbd2627c25fe18b8"
  name = "golang.org/x/net"
  packages = [
    "internal/socks",
    "proxy",
    "websocket",
  ]
  pruneopts = "UT"
  revision = "351d144fa1fc0bd934e2408202be0c29f25e35a0"

[[projects]]
  branch = "master"
  digest = "1:0c7cb58af944f9690af91474a75371eecfe54c1ce3771a8dc08924430ee785d3"
  name = "golang.org/x/sys"
  packages = [
    "unix",
    "windows",
  ]
  pruneopts = "UT"
  revision = "4ed8d59d0b35e1e29334a206d1b3f38b1e5dfb31"

[solve-meta]
  analyzer-name = "dep"
  analyzer-version = 1
  input-imports = [
    "github.com/astaxie/beego/cache",
    "github.com/e154/serial",
    "github.com/e154/smart-home/system/validation",
    "github.com/eclipse/paho.mqtt.golang",
    "github.com/olivere/elastic",
    "github.com/op/go-logging",
    "github.com/paulbellamy/ratecounter",
    "github.com/sirupsen/logrus",
    "github.com/surgemq/surgemq/service",
  ]
  solver-name = "gps-cdcl"
  solver-version = 1
